
Microsoft Visual Studio Solution File, Format Version 12.00
# Visual Studio Version 17
VisualStudioVersion = 17.11.35327.3
MinimumVisualStudioVersion = 10.0.40219.1
Project("{FAE04EC0-301F-11D3-BF4B-00C04F79EFBC}") = "Общественный транспорт", "Общественный транспорт\Общественный транспорт.csproj", "{7C753C82-0FCC-460D-AFBA-DF2E89E13EE3}"
EndProject
Project("{FAE04EC0-301F-11D3-BF4B-00C04F79EFBC}") = "Тумаков", "Тумаков\Тумаков.csproj", "{04175D29-77EF-4BD4-8C69-C272404A6E8A}"
EndProject
Global
	GlobalSection(SolutionConfigurationPlatforms) = preSolution
		Debug|Any CPU = Debug|Any CPU
		Release|Any CPU = Release|Any CPU
	EndGlobalSection
	GlobalSection(ProjectConfigurationPlatforms) = postSolution
		{7C753C82-0FCC-460D-AFBA-DF2E89E13EE3}.Debug|Any CPU.ActiveCfg = Debug|Any CPU
		{7C753C82-0FCC-460D-AFBA-DF2E89E13EE3}.Debug|Any CPU.Build.0 = Debug|Any CPU
		{7C753C82-0FCC-460D-AFBA-DF2E89E13EE3}.Release|Any CPU.ActiveCfg = Release|Any CPU
		{7C753C82-0FCC-460D-AFBA-DF2E89E13EE3}.Release|Any CPU.Build.0 = Release|Any CPU
		{04175D29-77EF-4BD4-8C69-C272404A6E8A}.Debug|Any CPU.ActiveCfg = Debug|Any CPU
		{04175D29-77EF-4BD4-8C69-C272404A6E8A}.Debug|Any CPU.Build.0 = Debug|Any CPU
		{04175D29-77EF-4BD4-8C69-C272404A6E8A}.Release|Any CPU.ActiveCfg = Release|Any CPU
		{04175D29-77EF-4BD4-8C69-C272404A6E8A}.Release|Any CPU.Build.0 = Release|Any CPU
	EndGlobalSection
	GlobalSection(SolutionProperties) = preSolution
		HideSolutionNode = FALSE
	EndGlobalSection
	GlobalSection(ExtensibilityGlobals) = postSolution
		SolutionGuid = {A99D7A2D-62ED-472A-BA83-C41A238A033A}
	EndGlobalSection
EndGlobal
